
Microsoft Visual Studio Solution File, Format Version 12.00
# Visual Studio Version 17
VisualStudioVersion = 17.7.34031.279
MinimumVisualStudioVersion = 10.0.40219.1
Project("{FAE04EC0-301F-11D3-BF4B-00C04F79EFBC}") = "consoleApp.UnitTest", "consoleAppUnitTest\consoleApp.UnitTest.csproj", "{F3F8663B-BE4B-42DD-9C2E-C0193E9C3ABC}"
EndProject
Project("{9A19103F-16F7-4668-BE54-9A1E7A4F7556}") = "consoleApp", "..\consoleApp\consoleApp\consoleApp.csproj", "{C8F40A0F-5B4F-4115-8BFB-8E7F693ED022}"
EndProject
Global
	GlobalSection(SolutionConfigurationPlatforms) = preSolution
		Debug|Any CPU = Debug|Any CPU
		Release|Any CPU = Release|Any CPU
	EndGlobalSection
	GlobalSection(ProjectConfigurationPlatforms) = postSolution
		{F3F8663B-BE4B-42DD-9C2E-C0193E9C3ABC}.Debug|Any CPU.ActiveCfg = Debug|Any CPU
		{F3F8663B-BE4B-42DD-9C2E-C0193E9C3ABC}.Debug|Any CPU.Build.0 = Debug|Any CPU
		{F3F8663B-BE4B-42DD-9C2E-C0193E9C3ABC}.Release|Any CPU.ActiveCfg = Release|Any CPU
		{F3F8663B-BE4B-42DD-9C2E-C0193E9C3ABC}.Release|Any CPU.Build.0 = Release|Any CPU
		{C8F40A0F-5B4F-4115-8BFB-8E7F693ED022}.Debug|Any CPU.ActiveCfg = Debug|Any CPU
		{C8F40A0F-5B4F-4115-8BFB-8E7F693ED022}.Debug|Any CPU.Build.0 = Debug|Any CPU
		{C8F40A0F-5B4F-4115-8BFB-8E7F693ED022}.Release|Any CPU.ActiveCfg = Release|Any CPU
		{C8F40A0F-5B4F-4115-8BFB-8E7F693ED022}.Release|Any CPU.Build.0 = Release|Any CPU
	EndGlobalSection
	GlobalSection(SolutionProperties) = preSolution
		HideSolutionNode = FALSE
	EndGlobalSection
	GlobalSection(ExtensibilityGlobals) = postSolution
		SolutionGuid = {E7BF713A-FBBF-44F3-AA93-B4991E965FCD}
	EndGlobalSection
EndGlobal
